
Microsoft Visual Studio Solution File, Format Version 12.00
# Visual Studio Version 17
VisualStudioVersion = 17.0.31903.59
MinimumVisualStudioVersion = 10.0.40219.1
Project("{FAE04EC0-301F-11D3-BF4B-00C04F79EFBC}") = "Super Mario Beep", "Super Mario Beep\Super Mario Beep.csproj", "{16AE4958-7277-49C7-903D-6641B8D458F7}"
EndProject
Global
	GlobalSection(SolutionConfigurationPlatforms) = preSolution
		Debug|Any CPU = Debug|Any CPU
		Release|Any CPU = Release|Any CPU
	EndGlobalSection
	GlobalSection(ProjectConfigurationPlatforms) = postSolution
		{16AE4958-7277-49C7-903D-6641B8D458F7}.Debug|Any CPU.ActiveCfg = Debug|Any CPU
		{16AE4958-7277-49C7-903D-6641B8D458F7}.Debug|Any CPU.Build.0 = Debug|Any CPU
		{16AE4958-7277-49C7-903D-6641B8D458F7}.Release|Any CPU.ActiveCfg = Release|Any CPU
		{16AE4958-7277-49C7-903D-6641B8D458F7}.Release|Any CPU.Build.0 = Release|Any CPU
	EndGlobalSection
	GlobalSection(SolutionProperties) = preSolution
		HideSolutionNode = FALSE
	EndGlobalSection
	GlobalSection(ExtensibilityGlobals) = postSolution
		SolutionGuid = {418F485E-762E-4D70-BBB7-398E6F6509B7}
	EndGlobalSection
EndGlobal
